
Microsoft Visual Studio Solution File, Format Version 12.00
# Visual Studio Version 17
VisualStudioVersion = 17.14.36518.9 d17.14
MinimumVisualStudioVersion = 10.0.40219.1
Project("{FAE04EC0-301F-11D3-BF4B-00C04F79EFBC}") = "ConsoleApp4", "ConsoleApp4\ConsoleApp4.csproj", "{FAE72F77-D5C4-463B-9C02-6A57B6D4D5FE}"
EndProject
Global
	GlobalSection(SolutionConfigurationPlatforms) = preSolution
		Debug|Any CPU = Debug|Any CPU
		Release|Any CPU = Release|Any CPU
	EndGlobalSection
	GlobalSection(ProjectConfigurationPlatforms) = postSolution
		{FAE72F77-D5C4-463B-9C02-6A57B6D4D5FE}.Debug|Any CPU.ActiveCfg = Debug|Any CPU
		{FAE72F77-D5C4-463B-9C02-6A57B6D4D5FE}.Debug|Any CPU.Build.0 = Debug|Any CPU
		{FAE72F77-D5C4-463B-9C02-6A57B6D4D5FE}.Release|Any CPU.ActiveCfg = Release|Any CPU
		{FAE72F77-D5C4-463B-9C02-6A57B6D4D5FE}.Release|Any CPU.Build.0 = Release|Any CPU
	EndGlobalSection
	GlobalSection(SolutionProperties) = preSolution
		HideSolutionNode = FALSE
	EndGlobalSection
	GlobalSection(ExtensibilityGlobals) = postSolution
		SolutionGuid = {C7297862-8D29-48A6-AD78-6E51FA8A5B7C}
	EndGlobalSection
EndGlobal
